
Microsoft Visual Studio Solution File, Format Version 12.00
# Visual Studio Version 17
VisualStudioVersion = 17.5.002.0
MinimumVisualStudioVersion = 10.0.40219.1
Project("{9A19103F-16F7-4668-BE54-9A1E7A4F7556}") = "FootballManager", "src\FootballManager.csproj", "{C8F82F7D-7465-46CA-AB19-58BCFA061928}"
EndProject
Project("{FAE04EC0-301F-11D3-BF4B-00C04F79EFBC}") = "FootballClubManagerTests", "tests\FootballClubManagerTests.csproj", "{8AA02B30-2CF5-4D4A-84E1-5C6B82B0EEA1}"
EndProject
Global
	GlobalSection(SolutionConfigurationPlatforms) = preSolution
		Debug|Any CPU = Debug|Any CPU
		Release|Any CPU = Release|Any CPU
	EndGlobalSection
	GlobalSection(ProjectConfigurationPlatforms) = postSolution
		{C8F82F7D-7465-46CA-AB19-58BCFA061928}.Debug|Any CPU.ActiveCfg = Debug|Any CPU
		{C8F82F7D-7465-46CA-AB19-58BCFA061928}.Debug|Any CPU.Build.0 = Debug|Any CPU
		{C8F82F7D-7465-46CA-AB19-58BCFA061928}.Release|Any CPU.ActiveCfg = Release|Any CPU
		{C8F82F7D-7465-46CA-AB19-58BCFA061928}.Release|Any CPU.Build.0 = Release|Any CPU
		{8AA02B30-2CF5-4D4A-84E1-5C6B82B0EEA1}.Debug|Any CPU.ActiveCfg = Debug|Any CPU
		{8AA02B30-2CF5-4D4A-84E1-5C6B82B0EEA1}.Debug|Any CPU.Build.0 = Debug|Any CPU
		{8AA02B30-2CF5-4D4A-84E1-5C6B82B0EEA1}.Release|Any CPU.ActiveCfg = Release|Any CPU
		{8AA02B30-2CF5-4D4A-84E1-5C6B82B0EEA1}.Release|Any CPU.Build.0 = Release|Any CPU
	EndGlobalSection
	GlobalSection(SolutionProperties) = preSolution
		HideSolutionNode = FALSE
	EndGlobalSection
	GlobalSection(ExtensibilityGlobals) = postSolution
		SolutionGuid = {B0C9452A-34D3-4FE3-B89A-31CBDF09BD28}
	EndGlobalSection
EndGlobal
